<?xml version="1.0" encoding="utf-8"?>
<Project ToolsVersion="4.0" xmlns="http://schemas.microsoft.com/developer/msbuild/2003">
  <ItemGroup>
    <ClCompile Include="Bala.cpp" />
    <ClCompile Include="BalaEnemigo.cpp" />
    <ClCompile Include="BalaPlayer.cpp" />
    <ClCompile Include="BossRino.cpp" />
    <ClCompile Include="EnemigoPlanta.cpp" />
    <ClCompile Include="BarraVida.cpp" />
    <ClCompile Include="BarraVidaVacia.cpp" />
    <ClCompile Include="Boton.cpp" />
    <ClCompile Include="Cargador.cpp" />
    <ClCompile Include="Efecto.cpp" />
    <ClCompile Include="EnergiaDisponible.cpp" />
    <ClCompile Include="Error.cpp" />
    <ClCompile Include="Estado.cpp" />
    <ClCompile Include="GameOver.cpp" />
    <ClCompile Include="Interfaz.cpp" />
    <ClCompile Include="Juego.cpp" />
    <ClCompile Include="main.cpp" />
    <ClCompile Include="MenuPrincipal.cpp" />
    <ClCompile Include="Musica.cpp" />
    <ClCompile Include="Objeto.cpp" />
    <ClCompile Include="Pausa.cpp" />
    <ClCompile Include="Player.cpp" />
    <ClCompile Include="Play.cpp" />
    <ClCompile Include="Texto.cpp" />
    <ClCompile Include="Textura.cpp" />
    <ClCompile Include="Checkpoint.cpp" />
    <ClCompile Include="Dialogo.cpp" />
    <ClCompile Include="Aura.cpp" />
    <ClCompile Include="Botiquin.cpp" />
    <ClCompile Include="objetoDecorativo.cpp" />
    <ClCompile Include="Bobina.cpp" />
    <ClCompile Include="enemigoBase.cpp" />
    <ClCompile Include="enemigoGuardia.cpp" />
    <ClCompile Include="EnemigoBomba.cpp" />
    <ClCompile Include="balaBomba.cpp" />
    <ClCompile Include="Explosion.cpp" />
  </ItemGroup>
  <ItemGroup>
    <ClInclude Include="Bala.h" />
    <ClInclude Include="BalaEnemigo.h" />
    <ClInclude Include="BalaPlayer.h" />
    <ClInclude Include="BossRino.h" />
    <ClInclude Include="EnemigoPlanta.h" />
    <ClInclude Include="BarraVida.h" />
    <ClInclude Include="BarraVidaVacia.h" />
    <ClInclude Include="Boton.h" />
    <ClInclude Include="Cargador.h" />
    <ClInclude Include="Efecto.h" />
    <ClInclude Include="EnergiaDisponible.h" />
    <ClInclude Include="Error.h" />
    <ClInclude Include="EstadoJuego.h" />
    <ClInclude Include="Estado.h" />
    <ClInclude Include="GameOver.h" />
    <ClInclude Include="HUD.h" />
    <ClInclude Include="Interfaz.h" />
    <ClInclude Include="Juego.h" />
    <ClInclude Include="MapEditor.h" />
    <ClInclude Include="MenuPrincipal.h" />
    <ClInclude Include="Musica.h" />
    <ClInclude Include="ObjetoJuego.h" />
    <ClInclude Include="Objeto.h" />
    <ClInclude Include="Pausa.h" />
    <ClInclude Include="Player.h" />
    <ClInclude Include="Play.h" />
    <ClInclude Include="Texto.h" />
    <ClInclude Include="Textura.h" />
    <ClInclude Include="Checkpoint.h" />
    <ClInclude Include="Dialogo.h" />
    <ClInclude Include="Aura.h" />
    <ClInclude Include="Botiquin.h" />
    <ClInclude Include="objetoDecorativo.h" />
    <ClInclude Include="Bobina.h" />
    <ClInclude Include="enemigoBase.h" />
    <ClInclude Include="enemigoGuardia.h" />
    <ClInclude Include="EnemigoBomba.h" />
    <ClInclude Include="balaBomba.h" />
    <ClInclude Include="Explosion.h" />
  </ItemGroup>
</Project>