<?xml version="1.0" encoding="utf-8"?>
<Project ToolsVersion="4.0" xmlns="http://schemas.microsoft.com/developer/msbuild/2003">
  <ItemGroup>
    <Filter Include="Archivos de código fuente">
      <UniqueIdentifier>{4FC737F1-C7A5-4376-A066-2A32D752A2FF}</UniqueIdentifier>
      <Extensions>cpp;c;cc;cxx;def;odl;idl;hpj;bat;asm;asmx</Extensions>
    </Filter>
    <Filter Include="Archivos de encabezado">
      <UniqueIdentifier>{93995380-89BD-4b04-88EB-625FBE52EBFB}</UniqueIdentifier>
      <Extensions>h;hh;hpp;hxx;hm;inl;inc;xsd</Extensions>
    </Filter>
    <Filter Include="Archivos de recursos">
      <UniqueIdentifier>{67DA6AB6-F800-4c08-8B7A-83BB121AAD01}</UniqueIdentifier>
      <Extensions>rc;ico;cur;bmp;dlg;rc2;rct;bin;rgs;gif;jpg;jpeg;jpe;resx;tiff;tif;png;wav;mfcribbon-ms</Extensions>
    </Filter>
    <Filter Include="Archivos de código fuente\Objetos">
      <UniqueIdentifier>{60205726-6876-4dc1-8aa8-7051b05ea0fe}</UniqueIdentifier>
    </Filter>
    <Filter Include="Archivos de encabezado\Objetos">
      <UniqueIdentifier>{caa8284c-9e8c-432a-be5d-4e128e298fd6}</UniqueIdentifier>
    </Filter>
    <Filter Include="Archivos de código fuente\Estados">
      <UniqueIdentifier>{c163db1a-0c47-457a-887d-58bc9b624131}</UniqueIdentifier>
    </Filter>
    <Filter Include="Archivos de encabezado\Estados">
      <UniqueIdentifier>{78704072-8c42-451b-ada3-dc552f42acf4}</UniqueIdentifier>
    </Filter>
  </ItemGroup>
  <ItemGroup>
    <ClCompile Include="main.cpp">
      <Filter>Archivos de código fuente</Filter>
    </ClCompile>
    <ClCompile Include="Textura.cpp">
      <Filter>Archivos de código fuente</Filter>
    </ClCompile>
    <ClCompile Include="Juego.cpp">
      <Filter>Archivos de código fuente</Filter>
    </ClCompile>
    <ClCompile Include="Error.cpp">
      <Filter>Archivos de código fuente</Filter>
    </ClCompile>
    <ClCompile Include="MenuPrincipal.cpp">
      <Filter>Archivos de código fuente\Estados</Filter>
    </ClCompile>
    <ClCompile Include="GameOver.cpp">
      <Filter>Archivos de código fuente\Estados</Filter>
    </ClCompile>
    <ClCompile Include="Pausa.cpp">
      <Filter>Archivos de código fuente\Estados</Filter>
    </ClCompile>
    <ClCompile Include="Objeto.cpp">
      <Filter>Archivos de código fuente\Objetos</Filter>
    </ClCompile>
    <ClCompile Include="Boton.cpp">
      <Filter>Archivos de código fuente\Objetos</Filter>
    </ClCompile>
    <ClCompile Include="Play.cpp">
      <Filter>Archivos de código fuente\Estados</Filter>
    </ClCompile>
    <ClCompile Include="Estado.cpp">
      <Filter>Archivos de código fuente\Estados</Filter>
    </ClCompile>
    <ClCompile Include="Player.cpp">
      <Filter>Archivos de código fuente\Objetos</Filter>
    </ClCompile>
    <ClCompile Include="Bala.cpp">
      <Filter>Archivos de código fuente</Filter>
    </ClCompile>
    <ClCompile Include="BalaPlayer.cpp">
      <Filter>Archivos de código fuente</Filter>
    </ClCompile>
  </ItemGroup>
  <ItemGroup>
    <ClInclude Include="Textura.h">
      <Filter>Archivos de encabezado</Filter>
    </ClInclude>
    <ClInclude Include="Juego.h">
      <Filter>Archivos de encabezado</Filter>
    </ClInclude>
    <ClInclude Include="EstadoJuego.h">
      <Filter>Archivos de encabezado</Filter>
    </ClInclude>
    <ClInclude Include="Error.h">
      <Filter>Archivos de encabezado</Filter>
    </ClInclude>
    <ClInclude Include="MenuPrincipal.h">
      <Filter>Archivos de encabezado\Estados</Filter>
    </ClInclude>
    <ClInclude Include="GameOver.h">
      <Filter>Archivos de encabezado\Estados</Filter>
    </ClInclude>
    <ClInclude Include="Pausa.h">
      <Filter>Archivos de encabezado\Estados</Filter>
    </ClInclude>
    <ClInclude Include="Objeto.h">
      <Filter>Archivos de encabezado\Objetos</Filter>
    </ClInclude>
    <ClInclude Include="ObjetoJuego.h">
      <Filter>Archivos de encabezado\Objetos</Filter>
    </ClInclude>
    <ClInclude Include="Boton.h">
      <Filter>Archivos de encabezado\Objetos</Filter>
    </ClInclude>
    <ClInclude Include="Play.h">
      <Filter>Archivos de encabezado\Estados</Filter>
    </ClInclude>
    <ClInclude Include="Estado.h">
      <Filter>Archivos de encabezado\Estados</Filter>
    </ClInclude>
    <ClInclude Include="Player.h">
      <Filter>Archivos de encabezado\Objetos</Filter>
    </ClInclude>
    <ClInclude Include="Bala.h">
      <Filter>Archivos de encabezado</Filter>
    </ClInclude>
    <ClInclude Include="BalaPlayer.h">
      <Filter>Archivos de encabezado</Filter>
    </ClInclude>
    <ClInclude Include="MapEditor.h">
      <Filter>Archivos de encabezado</Filter>
    </ClInclude>
  </ItemGroup>
</Project>