<?xml version="1.0" encoding="utf-8"?>
<Project ToolsVersion="4.0" xmlns="http://schemas.microsoft.com/developer/msbuild/2003">
  <ItemGroup>
    <ClCompile Include="Spider.cpp" />
    <ClCompile Include="littleSpider.cpp" />
    <ClCompile Include="Aura.cpp" />
    <ClCompile Include="Bala.cpp" />
    <ClCompile Include="balaBomba.cpp" />
    <ClCompile Include="BalaEnemigo.cpp" />
    <ClCompile Include="BalaPlayer.cpp" />
    <ClCompile Include="balaRalentizadora.cpp" />
    <ClCompile Include="Bobina.cpp" />
    <ClCompile Include="BossRino.cpp" />
    <ClCompile Include="Botiquin.cpp" />
    <ClCompile Include="Checkpoint.cpp" />
    <ClCompile Include="Dialogo.cpp" />
    <ClCompile Include="enemigoBase.cpp" />
    <ClCompile Include="EnemigoBomba.cpp" />
    <ClCompile Include="EnemigoPlanta.cpp" />
    <ClCompile Include="BarraVida.cpp" />
    <ClCompile Include="BarraVidaVacia.cpp" />
    <ClCompile Include="Boton.cpp" />
    <ClCompile Include="Cargador.cpp" />
    <ClCompile Include="Efecto.cpp" />
    <ClCompile Include="enemigoGuardia.cpp" />
    <ClCompile Include="EnergiaDisponible.cpp" />
    <ClCompile Include="Error.cpp" />
    <ClCompile Include="Estado.cpp" />
    <ClCompile Include="ExplosionEnemigoB.cpp" />
    <ClCompile Include="GameOver.cpp" />
    <ClCompile Include="Interfaz.cpp" />
    <ClCompile Include="Juego.cpp" />
    <ClCompile Include="main.cpp" />
    <ClCompile Include="MenuOpciones.cpp" />
    <ClCompile Include="MenuPausa.cpp" />
    <ClCompile Include="MenuPrincipal.cpp" />
    <ClCompile Include="Musica.cpp" />
    <ClCompile Include="Objeto.cpp" />
    <ClCompile Include="objetoDecorativo.cpp" />
    <ClCompile Include="Player.cpp" />
    <ClCompile Include="Play.cpp" />
    <ClCompile Include="Sangre.cpp" />
    <ClCompile Include="Texto.cpp" />
    <ClCompile Include="Textura.cpp" />
    <ClCompile Include="Puerta.cpp" />
    <ClCompile Include="Key.cpp" />
    <ClCompile Include="MenuFinalJuego.cpp" />
    <ClCompile Include="EscenaFinal.cpp" />
  </ItemGroup>
  <ItemGroup>
    <ClInclude Include="Spider.h" />
    <ClInclude Include="littleSpider.h" />
    <ClInclude Include="Aura.h" />
    <ClInclude Include="Bala.h" />
    <ClInclude Include="balaBomba.h" />
    <ClInclude Include="BalaEnemigo.h" />
    <ClInclude Include="BalaPlayer.h" />
    <ClInclude Include="balaRalentizadora.h" />
    <ClInclude Include="Bobina.h" />
    <ClInclude Include="BossRino.h" />
    <ClInclude Include="Botiquin.h" />
    <ClInclude Include="Checkpoint.h" />
    <ClInclude Include="Dialogo.h" />
    <ClInclude Include="enemigoBase.h" />
    <ClInclude Include="EnemigoBomba.h" />
    <ClInclude Include="EnemigoPlanta.h" />
    <ClInclude Include="BarraVida.h" />
    <ClInclude Include="BarraVidaVacia.h" />
    <ClInclude Include="Boton.h" />
    <ClInclude Include="Cargador.h" />
    <ClInclude Include="Efecto.h" />
    <ClInclude Include="enemigoGuardia.h" />
    <ClInclude Include="EnergiaDisponible.h" />
    <ClInclude Include="Error.h" />
    <ClInclude Include="EstadoJuego.h" />
    <ClInclude Include="Estado.h" />
    <ClInclude Include="ExplosionEnemigoB.h" />
    <ClInclude Include="GameOver.h" />
    <ClInclude Include="HUD.h" />
    <ClInclude Include="Interfaz.h" />
    <ClInclude Include="Juego.h" />
    <ClInclude Include="MapEditor.h" />
    <ClInclude Include="MenuOpciones.h" />
    <ClInclude Include="MenuPausa.h" />
    <ClInclude Include="MenuPrincipal.h" />
    <ClInclude Include="Musica.h" />
    <ClInclude Include="objetoDecorativo.h" />
    <ClInclude Include="ObjetoJuego.h" />
    <ClInclude Include="Objeto.h" />
    <ClInclude Include="Player.h" />
    <ClInclude Include="Play.h" />
    <ClInclude Include="Sangre.h" />
    <ClInclude Include="Texto.h" />
    <ClInclude Include="Textura.h" />
    <ClInclude Include="Puerta.h" />
    <ClInclude Include="Key.h" />
    <ClInclude Include="MenuFinalJuego.h" />
    <ClInclude Include="EscenaFinal.h" />
  </ItemGroup>
  <ItemGroup>
    <None Include="ClassDiagram.cd" />
    <None Include="ClassDiagram2.cd" />
  </ItemGroup>
</Project>