<?xml version="1.0" encoding="utf-8"?>
<Project ToolsVersion="4.0" xmlns="http://schemas.microsoft.com/developer/msbuild/2003">
  <ItemGroup>
    <Filter Include="Archivos de código fuente">
      <UniqueIdentifier>{4FC737F1-C7A5-4376-A066-2A32D752A2FF}</UniqueIdentifier>
      <Extensions>cpp;c;cc;cxx;def;odl;idl;hpj;bat;asm;asmx</Extensions>
    </Filter>
    <Filter Include="Archivos de encabezado">
      <UniqueIdentifier>{93995380-89BD-4b04-88EB-625FBE52EBFB}</UniqueIdentifier>
      <Extensions>h;hh;hpp;hxx;hm;inl;inc;xsd</Extensions>
    </Filter>
    <Filter Include="Archivos de recursos">
      <UniqueIdentifier>{67DA6AB6-F800-4c08-8B7A-83BB121AAD01}</UniqueIdentifier>
      <Extensions>rc;ico;cur;bmp;dlg;rc2;rct;bin;rgs;gif;jpg;jpeg;jpe;resx;tiff;tif;png;wav;mfcribbon-ms</Extensions>
    </Filter>
    <Filter Include="Archivos de encabezado\Objetos">
      <UniqueIdentifier>{cc700a13-e0f1-4303-9abe-ce10313133b4}</UniqueIdentifier>
    </Filter>
    <Filter Include="Archivos de encabezado\Estados">
      <UniqueIdentifier>{71fa2117-78c6-4c23-aca3-238a157a5f94}</UniqueIdentifier>
    </Filter>
    <Filter Include="Archivos de código fuente\Estados">
      <UniqueIdentifier>{8002298c-ad42-45c4-96da-ce52ce70ec2a}</UniqueIdentifier>
    </Filter>
    <Filter Include="Archivos de código fuente\Objetos">
      <UniqueIdentifier>{de3023cf-4192-4d2a-b8e1-8bbc51525989}</UniqueIdentifier>
    </Filter>
    <Filter Include="Archivos de código fuente\Main">
      <UniqueIdentifier>{5f113d7f-af9a-4a0a-b621-e41ce474b93c}</UniqueIdentifier>
    </Filter>
    <Filter Include="Archivos de encabezado\Main">
      <UniqueIdentifier>{e0dc529e-3f71-4e33-b8ac-2302c6e15be4}</UniqueIdentifier>
    </Filter>
  </ItemGroup>
  <ItemGroup>
    <ClCompile Include="EstadoPG.cpp">
      <Filter>Archivos de código fuente\Estados</Filter>
    </ClCompile>
    <ClCompile Include="GameOver.cpp">
      <Filter>Archivos de código fuente\Estados</Filter>
    </ClCompile>
    <ClCompile Include="MenuPG.cpp">
      <Filter>Archivos de código fuente\Estados</Filter>
    </ClCompile>
    <ClCompile Include="Pausa.cpp">
      <Filter>Archivos de código fuente\Estados</Filter>
    </ClCompile>
    <ClCompile Include="PlayPG.cpp">
      <Filter>Archivos de código fuente\Estados</Filter>
    </ClCompile>
    <ClCompile Include="ObjetoPG.cpp">
      <Filter>Archivos de código fuente\Objetos</Filter>
    </ClCompile>
    <ClCompile Include="Premio.cpp">
      <Filter>Archivos de código fuente\Objetos</Filter>
    </ClCompile>
    <ClCompile Include="Mariposa.cpp">
      <Filter>Archivos de código fuente\Objetos</Filter>
    </ClCompile>
    <ClCompile Include="GlobosPG.cpp">
      <Filter>Archivos de código fuente\Objetos</Filter>
    </ClCompile>
    <ClCompile Include="juegoPG.cpp">
      <Filter>Archivos de código fuente\Main</Filter>
    </ClCompile>
    <ClCompile Include="mainP1.cpp">
      <Filter>Archivos de código fuente\Main</Filter>
    </ClCompile>
    <ClCompile Include="Musica.cpp">
      <Filter>Archivos de código fuente\Main</Filter>
    </ClCompile>
    <ClCompile Include="TexturasSDL.cpp">
      <Filter>Archivos de código fuente\Main</Filter>
    </ClCompile>
    <ClCompile Include="Boton.cpp">
      <Filter>Archivos de código fuente\Objetos</Filter>
    </ClCompile>
    <ClCompile Include="Personaje.cpp">
      <Filter>Archivos de código fuente</Filter>
    </ClCompile>
  </ItemGroup>
  <ItemGroup>
    <ClInclude Include="EstadoJuego.h">
      <Filter>Archivos de encabezado\Estados</Filter>
    </ClInclude>
    <ClInclude Include="EstadoPG.h">
      <Filter>Archivos de encabezado\Estados</Filter>
    </ClInclude>
    <ClInclude Include="PlayPG.h">
      <Filter>Archivos de encabezado\Estados</Filter>
    </ClInclude>
    <ClInclude Include="Pausa.h">
      <Filter>Archivos de encabezado\Estados</Filter>
    </ClInclude>
    <ClInclude Include="MenuPG.h">
      <Filter>Archivos de encabezado\Estados</Filter>
    </ClInclude>
    <ClInclude Include="GameOver.h">
      <Filter>Archivos de encabezado\Estados</Filter>
    </ClInclude>
    <ClInclude Include="GlobosPG.h">
      <Filter>Archivos de encabezado\Objetos</Filter>
    </ClInclude>
    <ClInclude Include="Mariposa.h">
      <Filter>Archivos de encabezado\Objetos</Filter>
    </ClInclude>
    <ClInclude Include="ObjetoJuego.h">
      <Filter>Archivos de encabezado\Objetos</Filter>
    </ClInclude>
    <ClInclude Include="ObjetoPG.h">
      <Filter>Archivos de encabezado\Objetos</Filter>
    </ClInclude>
    <ClInclude Include="Premio.h">
      <Filter>Archivos de encabezado\Objetos</Filter>
    </ClInclude>
    <ClInclude Include="Error.h">
      <Filter>Archivos de encabezado\Main</Filter>
    </ClInclude>
    <ClInclude Include="juegoPG.h">
      <Filter>Archivos de encabezado\Main</Filter>
    </ClInclude>
    <ClInclude Include="Musica.h">
      <Filter>Archivos de encabezado\Main</Filter>
    </ClInclude>
    <ClInclude Include="TexturasSDL.h">
      <Filter>Archivos de encabezado\Main</Filter>
    </ClInclude>
    <ClInclude Include="Boton.h">
      <Filter>Archivos de encabezado\Objetos</Filter>
    </ClInclude>
    <ClInclude Include="Personaje.h">
      <Filter>Archivos de encabezado</Filter>
    </ClInclude>
  </ItemGroup>
</Project>